{
  "name": "your-package-name",
  "version": "1.0.0",
  "lockfileVersion": 1,
  "requires": true,
  "dependencies": {
    "bs-platform": {
      "version": "5.2.1",
      "resolved": "https://registry.npmjs.org/bs-platform/-/bs-platform-5.2.1.tgz",
      "integrity": "sha512-3ISP+RBC/NYILiJnphCY0W3RTYpQ11JGa2dBBLVug5fpFZ0qtSaL3ZplD8MyjNeXX2bC7xgrWfgBSn8Tc9om7Q=="
    },
    "child-process": {
      "version": "1.0.2",
      "resolved": "https://registry.npmjs.org/child-process/-/child-process-1.0.2.tgz",
      "integrity": "sha1-mJdNx+0e5MYin44wX6cxOmiFp/I="
    },
    "snarkyjs": {
      "version": "1.0.2",
      "resolved": "https://registry.npmjs.org/snarkyjs/-/snarkyjs-1.0.2.tgz",
      "integrity": "sha512-2SYFyJGa3Tbu14jBuhQc23/19L/BvpqGXBAeetRZRmVSjqRjv0ZsqVZliLlZHA6K7g7r5SSlQH86jhFINJmruA==",
      "requires": {
        "child-process": "^1.0.2"
      }
    },
    "snarkyjs-crypto": {
      "version": "0.1.9",
      "resolved": "https://registry.npmjs.org/snarkyjs-crypto/-/snarkyjs-crypto-0.1.9.tgz",
      "integrity": "sha512-DLmEpBbq/EQTjzrw0LGzykWnIOx7ePuq3MNauMqWNBT0wreBay2NRQTGEqpweJV0vkRdmrc09mqqmQzgMbgTFA==",
      "requires": {
        "bs-platform": "^5.0.6"
      }
    }
  }
}
